
Microsoft Visual Studio Solution File, Format Version 12.00
# Visual Studio Version 17
VisualStudioVersion = 17.0.31903.59
MinimumVisualStudioVersion = 10.0.40219.1
Project("{FAE04EC0-301F-11D3-BF4B-00C04F79EFBC}") = "UrlShortener.Api", "Api\src\UrlShortener.Api\UrlShortener.Api.csproj", "{831A9405-2D34-4400-82CA-A103EC2BC7E3}"
EndProject
Project("{2150E333-8FDC-42A3-9474-1A3956D46DE8}") = "Api", "Api", "{B665BC23-A2E6-4DE9-9231-E7F1014D2436}"
EndProject
Project("{2150E333-8FDC-42A3-9474-1A3956D46DE8}") = "tests", "tests", "{BA474DCE-A160-6553-7451-04E3D54504A5}"
EndProject
Project("{FAE04EC0-301F-11D3-BF4B-00C04F79EFBC}") = "UrlShortener.Api.Core.Tests", "Api\tests\UrlShortener.Api.Core.Tests\UrlShortener.Api.Core.Tests.csproj", "{C2A7C165-018B-4183-80DC-17A880D05BCE}"
EndProject
Project("{2150E333-8FDC-42A3-9474-1A3956D46DE8}") = "src", "src", "{02EA681E-C7D8-13C7-8484-4AC65E1B71E8}"
	ProjectSection(SolutionItems) = preProject
		TestList.txt = TestList.txt
	EndProjectSection
EndProject
Project("{FAE04EC0-301F-11D3-BF4B-00C04F79EFBC}") = "UrlShortener.Core", "Api\src\UrlShortener.Core\UrlShortener.Core.csproj", "{47F336E6-689D-40EF-92B4-A4BBD66B4BBC}"
EndProject
Global
	GlobalSection(SolutionConfigurationPlatforms) = preSolution
		Debug|Any CPU = Debug|Any CPU
		Debug|x64 = Debug|x64
		Debug|x86 = Debug|x86
		Release|Any CPU = Release|Any CPU
		Release|x64 = Release|x64
		Release|x86 = Release|x86
	EndGlobalSection
	GlobalSection(ProjectConfigurationPlatforms) = postSolution
		{831A9405-2D34-4400-82CA-A103EC2BC7E3}.Debug|Any CPU.ActiveCfg = Debug|Any CPU
		{831A9405-2D34-4400-82CA-A103EC2BC7E3}.Debug|Any CPU.Build.0 = Debug|Any CPU
		{831A9405-2D34-4400-82CA-A103EC2BC7E3}.Debug|x64.ActiveCfg = Debug|Any CPU
		{831A9405-2D34-4400-82CA-A103EC2BC7E3}.Debug|x64.Build.0 = Debug|Any CPU
		{831A9405-2D34-4400-82CA-A103EC2BC7E3}.Debug|x86.ActiveCfg = Debug|Any CPU
		{831A9405-2D34-4400-82CA-A103EC2BC7E3}.Debug|x86.Build.0 = Debug|Any CPU
		{831A9405-2D34-4400-82CA-A103EC2BC7E3}.Release|Any CPU.ActiveCfg = Release|Any CPU
		{831A9405-2D34-4400-82CA-A103EC2BC7E3}.Release|Any CPU.Build.0 = Release|Any CPU
		{831A9405-2D34-4400-82CA-A103EC2BC7E3}.Release|x64.ActiveCfg = Release|Any CPU
		{831A9405-2D34-4400-82CA-A103EC2BC7E3}.Release|x64.Build.0 = Release|Any CPU
		{831A9405-2D34-4400-82CA-A103EC2BC7E3}.Release|x86.ActiveCfg = Release|Any CPU
		{831A9405-2D34-4400-82CA-A103EC2BC7E3}.Release|x86.Build.0 = Release|Any CPU
		{C2A7C165-018B-4183-80DC-17A880D05BCE}.Debug|Any CPU.ActiveCfg = Debug|Any CPU
		{C2A7C165-018B-4183-80DC-17A880D05BCE}.Debug|Any CPU.Build.0 = Debug|Any CPU
		{C2A7C165-018B-4183-80DC-17A880D05BCE}.Debug|x64.ActiveCfg = Debug|Any CPU
		{C2A7C165-018B-4183-80DC-17A880D05BCE}.Debug|x64.Build.0 = Debug|Any CPU
		{C2A7C165-018B-4183-80DC-17A880D05BCE}.Debug|x86.ActiveCfg = Debug|Any CPU
		{C2A7C165-018B-4183-80DC-17A880D05BCE}.Debug|x86.Build.0 = Debug|Any CPU
		{C2A7C165-018B-4183-80DC-17A880D05BCE}.Release|Any CPU.ActiveCfg = Release|Any CPU
		{C2A7C165-018B-4183-80DC-17A880D05BCE}.Release|Any CPU.Build.0 = Release|Any CPU
		{C2A7C165-018B-4183-80DC-17A880D05BCE}.Release|x64.ActiveCfg = Release|Any CPU
		{C2A7C165-018B-4183-80DC-17A880D05BCE}.Release|x64.Build.0 = Release|Any CPU
		{C2A7C165-018B-4183-80DC-17A880D05BCE}.Release|x86.ActiveCfg = Release|Any CPU
		{C2A7C165-018B-4183-80DC-17A880D05BCE}.Release|x86.Build.0 = Release|Any CPU
		{47F336E6-689D-40EF-92B4-A4BBD66B4BBC}.Debug|Any CPU.ActiveCfg = Debug|Any CPU
		{47F336E6-689D-40EF-92B4-A4BBD66B4BBC}.Debug|Any CPU.Build.0 = Debug|Any CPU
		{47F336E6-689D-40EF-92B4-A4BBD66B4BBC}.Debug|x64.ActiveCfg = Debug|Any CPU
		{47F336E6-689D-40EF-92B4-A4BBD66B4BBC}.Debug|x64.Build.0 = Debug|Any CPU
		{47F336E6-689D-40EF-92B4-A4BBD66B4BBC}.Debug|x86.ActiveCfg = Debug|Any CPU
		{47F336E6-689D-40EF-92B4-A4BBD66B4BBC}.Debug|x86.Build.0 = Debug|Any CPU
		{47F336E6-689D-40EF-92B4-A4BBD66B4BBC}.Release|Any CPU.ActiveCfg = Release|Any CPU
		{47F336E6-689D-40EF-92B4-A4BBD66B4BBC}.Release|Any CPU.Build.0 = Release|Any CPU
		{47F336E6-689D-40EF-92B4-A4BBD66B4BBC}.Release|x64.ActiveCfg = Release|Any CPU
		{47F336E6-689D-40EF-92B4-A4BBD66B4BBC}.Release|x64.Build.0 = Release|Any CPU
		{47F336E6-689D-40EF-92B4-A4BBD66B4BBC}.Release|x86.ActiveCfg = Release|Any CPU
		{47F336E6-689D-40EF-92B4-A4BBD66B4BBC}.Release|x86.Build.0 = Release|Any CPU
	EndGlobalSection
	GlobalSection(SolutionProperties) = preSolution
		HideSolutionNode = FALSE
	EndGlobalSection
	GlobalSection(NestedProjects) = preSolution
		{831A9405-2D34-4400-82CA-A103EC2BC7E3} = {02EA681E-C7D8-13C7-8484-4AC65E1B71E8}
		{BA474DCE-A160-6553-7451-04E3D54504A5} = {B665BC23-A2E6-4DE9-9231-E7F1014D2436}
		{C2A7C165-018B-4183-80DC-17A880D05BCE} = {BA474DCE-A160-6553-7451-04E3D54504A5}
		{02EA681E-C7D8-13C7-8484-4AC65E1B71E8} = {B665BC23-A2E6-4DE9-9231-E7F1014D2436}
		{47F336E6-689D-40EF-92B4-A4BBD66B4BBC} = {02EA681E-C7D8-13C7-8484-4AC65E1B71E8}
	EndGlobalSection
	GlobalSection(ExtensibilityGlobals) = postSolution
		SolutionGuid = {A8D3FBC9-8F6F-4984-8D2F-FC2DB5F26F46}
	EndGlobalSection
EndGlobal
